
Microsoft Visual Studio Solution File, Format Version 11.00
# Visual Studio 2010
Project("{FAE04EC0-301F-11D3-BF4B-00C04F79EFBC}") = "HelloIphone2", "HelloIphone2\HelloIphone2.csproj", "{B14A015B-3264-4366-81C0-9321B48EA383}"
EndProject
Global
	GlobalSection(SolutionConfigurationPlatforms) = preSolution
		Debug|iPhoneSimulator = Debug|iPhoneSimulator
		Release|iPhoneSimulator = Release|iPhoneSimulator
		Debug|iPhone = Debug|iPhone
		Release|iPhone = Release|iPhone
	EndGlobalSection
	GlobalSection(ProjectConfigurationPlatforms) = postSolution
		{B14A015B-3264-4366-81C0-9321B48EA383}.Debug|iPhone.ActiveCfg = Debug|iPhone
		{B14A015B-3264-4366-81C0-9321B48EA383}.Debug|iPhone.Build.0 = Debug|iPhone
		{B14A015B-3264-4366-81C0-9321B48EA383}.Debug|iPhoneSimulator.ActiveCfg = Debug|iPhoneSimulator
		{B14A015B-3264-4366-81C0-9321B48EA383}.Debug|iPhoneSimulator.Build.0 = Debug|iPhoneSimulator
		{B14A015B-3264-4366-81C0-9321B48EA383}.Release|iPhone.ActiveCfg = Release|iPhone
		{B14A015B-3264-4366-81C0-9321B48EA383}.Release|iPhone.Build.0 = Release|iPhone
		{B14A015B-3264-4366-81C0-9321B48EA383}.Release|iPhoneSimulator.ActiveCfg = Release|iPhoneSimulator
		{B14A015B-3264-4366-81C0-9321B48EA383}.Release|iPhoneSimulator.Build.0 = Release|iPhoneSimulator
	EndGlobalSection
	GlobalSection(MonoDevelopProperties) = preSolution
		StartupItem = HelloIphone2\HelloIphone2.csproj
	EndGlobalSection
EndGlobal
